// !$*UTF8*$!
{
	archiveVersion = 1;
	classes = {
	};
	objectVersion = 56;
	objects = {

/* Begin PBXBuildFile section */
		9CF003C82B99B0240089B553 /* AppDelegate.swift in Sources */ = {isa = PBXBuildFile; fileRef = 9CF003C72B99B0240089B553 /* AppDelegate.swift */; };
		9CF003CA2B99B0240089B553 /* SceneDelegate.swift in Sources */ = {isa = PBXBuildFile; fileRef = 9CF003C92B99B0240089B553 /* SceneDelegate.swift */; };
		9CF003CC2B99B0240089B553 /* ViewController.swift in Sources */ = {isa = PBXBuildFile; fileRef = 9CF003CB2B99B0240089B553 /* ViewController.swift */; };
		9CF003CF2B99B0240089B553 /* Main.storyboard in Resources */ = {isa = PBXBuildFile; fileRef = 9CF003CD2B99B0240089B553 /* Main.storyboard */; };
		9CF003D12B99B0250089B553 /* Assets.xcassets in Resources */ = {isa = PBXBuildFile; fileRef = 9CF003D02B99B0250089B553 /* Assets.xcassets */; };
		9CF003D42B99B0250089B553 /* LaunchScreen.storyboard in Resources */ = {isa = PBXBuildFile; fileRef = 9CF003D22B99B0250089B553 /* LaunchScreen.storyboard */; };
		9CF003E12B99B3FB0089B553 /* Constants.swift in Sources */ = {isa = PBXBuildFile; fileRef = 9CF003E02B99B3FB0089B553 /* Constants.swift */; };
		9CF003E32B99BC700089B553 /* SpeechManager.swift in Sources */ = {isa = PBXBuildFile; fileRef = 9CF003E22B99BC700089B553 /* SpeechManager.swift */; };
		9CF003E62B99D0900089B553 /* UIViewController+Extension.swift in Sources */ = {isa = PBXBuildFile; fileRef = 9CF003E52B99D0900089B553 /* UIViewController+Extension.swift */; };
		9CF003E82B99DC2D0089B553 /* sample.pdf in Resources */ = {isa = PBXBuildFile; fileRef = 9CF003E72B99DC2D0089B553 /* sample.pdf */; };
/* End PBXBuildFile section */

/* Begin PBXFileReference section */
		9CF003C42B99B0240089B553 /* TTS-Task.app */ = {isa = PBXFileReference; explicitFileType = wrapper.application; includeInIndex = 0; path = "TTS-Task.app"; sourceTree = BUILT_PRODUCTS_DIR; };
		9CF003C72B99B0240089B553 /* AppDelegate.swift */ = {isa = PBXFileReference; lastKnownFileType = sourcecode.swift; path = AppDelegate.swift; sourceTree = "<group>"; };
		9CF003C92B99B0240089B553 /* SceneDelegate.swift */ = {isa = PBXFileReference; lastKnownFileType = sourcecode.swift; path = SceneDelegate.swift; sourceTree = "<group>"; };
		9CF003CB2B99B0240089B553 /* ViewController.swift */ = {isa = PBXFileReference; lastKnownFileType = sourcecode.swift; path = ViewController.swift; sourceTree = "<group>"; };
		9CF003CE2B99B0240089B553 /* Base */ = {isa = PBXFileReference; lastKnownFileType = file.storyboard; name = Base; path = Base.lproj/Main.storyboard; sourceTree = "<group>"; };
		9CF003D02B99B0250089B553 /* Assets.xcassets */ = {isa = PBXFileReference; lastKnownFileType = folder.assetcatalog; path = Assets.xcassets; sourceTree = "<group>"; };
		9CF003D32B99B0250089B553 /* Base */ = {isa = PBXFileReference; lastKnownFileType = file.storyboard; name = Base; path = Base.lproj/LaunchScreen.storyboard; sourceTree = "<group>"; };
		9CF003D52B99B0250089B553 /* Info.plist */ = {isa = PBXFileReference; lastKnownFileType = text.plist.xml; path = Info.plist; sourceTree = "<group>"; };
		9CF003E02B99B3FB0089B553 /* Constants.swift */ = {isa = PBXFileReference; lastKnownFileType = sourcecode.swift; path = Constants.swift; sourceTree = "<group>"; };
		9CF003E22B99BC700089B553 /* SpeechManager.swift */ = {isa = PBXFileReference; lastKnownFileType = sourcecode.swift; path = SpeechManager.swift; sourceTree = "<group>"; };
		9CF003E52B99D0900089B553 /* UIViewController+Extension.swift */ = {isa = PBXFileReference; lastKnownFileType = sourcecode.swift; path = "UIViewController+Extension.swift"; sourceTree = "<group>"; };
		9CF003E72B99DC2D0089B553 /* sample.pdf */ = {isa = PBXFileReference; lastKnownFileType = image.pdf; path = sample.pdf; sourceTree = "<group>"; };
/* End PBXFileReference section */

/* Begin PBXFrameworksBuildPhase section */
		9CF003C12B99B0240089B553 /* Frameworks */ = {
			isa = PBXFrameworksBuildPhase;
			buildActionMask = 2147483647;
			files = (
			);
			runOnlyForDeploymentPostprocessing = 0;
		};
/* End PBXFrameworksBuildPhase section */

/* Begin PBXGroup section */
		9CF003BB2B99B0240089B553 = {
			isa = PBXGroup;
			children = (
				9CF003C62B99B0240089B553 /* TTS-Task */,
				9CF003C52B99B0240089B553 /* Products */,
			);
			sourceTree = "<group>";
		};
		9CF003C52B99B0240089B553 /* Products */ = {
			isa = PBXGroup;
			children = (
				9CF003C42B99B0240089B553 /* TTS-Task.app */,
			);
			name = Products;
			sourceTree = "<group>";
		};
		9CF003C62B99B0240089B553 /* TTS-Task */ = {
			isa = PBXGroup;
			children = (
				9CF003C72B99B0240089B553 /* AppDelegate.swift */,
				9CF003C92B99B0240089B553 /* SceneDelegate.swift */,
				9CF003DF2B99B06B0089B553 /* Controllers */,
				9CF003DE2B99B05C0089B553 /* Storyboards */,
				9CF003E42B99BCE60089B553 /* Helpers */,
				9CF003DD2B99B0520089B553 /* Utils */,
			);
			path = "TTS-Task";
			sourceTree = "<group>";
		};
		9CF003DD2B99B0520089B553 /* Utils */ = {
			isa = PBXGroup;
			children = (
				9CF003D02B99B0250089B553 /* Assets.xcassets */,
				9CF003D52B99B0250089B553 /* Info.plist */,
				9CF003E72B99DC2D0089B553 /* sample.pdf */,
				9CF003E02B99B3FB0089B553 /* Constants.swift */,
			);
			path = Utils;
			sourceTree = "<group>";
		};
		9CF003DE2B99B05C0089B553 /* Storyboards */ = {
			isa = PBXGroup;
			children = (
				9CF003CD2B99B0240089B553 /* Main.storyboard */,
				9CF003D22B99B0250089B553 /* LaunchScreen.storyboard */,
			);
			path = Storyboards;
			sourceTree = "<group>";
		};
		9CF003DF2B99B06B0089B553 /* Controllers */ = {
			isa = PBXGroup;
			children = (
				9CF003CB2B99B0240089B553 /* ViewController.swift */,
			);
			path = Controllers;
			sourceTree = "<group>";
		};
		9CF003E42B99BCE60089B553 /* Helpers */ = {
			isa = PBXGroup;
			children = (
				9CF003E22B99BC700089B553 /* SpeechManager.swift */,
				9CF003E52B99D0900089B553 /* UIViewController+Extension.swift */,
			);
			path = Helpers;
			sourceTree = "<group>";
		};
/* End PBXGroup section */

/* Begin PBXNativeTarget section */
		9CF003C32B99B0240089B553 /* TTS-Task */ = {
			isa = PBXNativeTarget;
			buildConfigurationList = 9CF003D82B99B0250089B553 /* Build configuration list for PBXNativeTarget "TTS-Task" */;
			buildPhases = (
				9CF003C02B99B0240089B553 /* Sources */,
				9CF003C12B99B0240089B553 /* Frameworks */,
				9CF003C22B99B0240089B553 /* Resources */,
			);
			buildRules = (
			);
			dependencies = (
			);
			name = "TTS-Task";
			productName = "TTS-Task";
			productReference = 9CF003C42B99B0240089B553 /* TTS-Task.app */;
			productType = "com.apple.product-type.application";
		};
/* End PBXNativeTarget section */

/* Begin PBXProject section */
		9CF003BC2B99B0240089B553 /* Project object */ = {
			isa = PBXProject;
			attributes = {
				BuildIndependentTargetsInParallel = 1;
				LastSwiftUpdateCheck = 1520;
				LastUpgradeCheck = 1520;
				TargetAttributes = {
					9CF003C32B99B0240089B553 = {
						CreatedOnToolsVersion = 15.2;
					};
				};
			};
			buildConfigurationList = 9CF003BF2B99B0240089B553 /* Build configuration list for PBXProject "TTS-Task" */;
			compatibilityVersion = "Xcode 14.0";
			developmentRegion = en;
			hasScannedForEncodings = 0;
			knownRegions = (
				en,
				Base,
			);
			mainGroup = 9CF003BB2B99B0240089B553;
			productRefGroup = 9CF003C52B99B0240089B553 /* Products */;
			projectDirPath = "";
			projectRoot = "";
			targets = (
				9CF003C32B99B0240089B553 /* TTS-Task */,
			);
		};
/* End PBXProject section */

/* Begin PBXResourcesBuildPhase section */
		9CF003C22B99B0240089B553 /* Resources */ = {
			isa = PBXResourcesBuildPhase;
			buildActionMask = 2147483647;
			files = (
				9CF003E82B99DC2D0089B553 /* sample.pdf in Resources */,
				9CF003D42B99B0250089B553 /* LaunchScreen.storyboard in Resources */,
				9CF003D12B99B0250089B553 /* Assets.xcassets in Resources */,
				9CF003CF2B99B0240089B553 /* Main.storyboard in Resources */,
			);
			runOnlyForDeploymentPostprocessing = 0;
		};
/* End PBXResourcesBuildPhase section */

/* Begin PBXSourcesBuildPhase section */
		9CF003C02B99B0240089B553 /* Sources */ = {
			isa = PBXSourcesBuildPhase;
			buildActionMask = 2147483647;
			files = (
				9CF003E62B99D0900089B553 /* UIViewController+Extension.swift in Sources */,
				9CF003CC2B99B0240089B553 /* ViewController.swift in Sources */,
				9CF003E32B99BC700089B553 /* SpeechManager.swift in Sources */,
				9CF003C82B99B0240089B553 /* AppDelegate.swift in Sources */,
				9CF003CA2B99B0240089B553 /* SceneDelegate.swift in Sources */,
				9CF003E12B99B3FB0089B553 /* Constants.swift in Sources */,
			);
			runOnlyForDeploymentPostprocessing = 0;
		};
/* End PBXSourcesBuildPhase section */

/* Begin PBXVariantGroup section */
		9CF003CD2B99B0240089B553 /* Main.storyboard */ = {
			isa = PBXVariantGroup;
			children = (
				9CF003CE2B99B0240089B553 /* Base */,
			);
			name = Main.storyboard;
			sourceTree = "<group>";
		};
		9CF003D22B99B0250089B553 /* LaunchScreen.storyboard */ = {
			isa = PBXVariantGroup;
			children = (
				9CF003D32B99B0250089B553 /* Base */,
			);
			name = LaunchScreen.storyboard;
			sourceTree = "<group>";
		};
/* End PBXVariantGroup section */

/* Begin XCBuildConfiguration section */
		9CF003D62B99B0250089B553 /* Debug */ = {
			isa = XCBuildConfiguration;
			buildSettings = {
				ALWAYS_SEARCH_USER_PATHS = NO;
				ASSETCATALOG_COMPILER_GENERATE_SWIFT_ASSET_SYMBOL_EXTENSIONS = YES;
				CLANG_ANALYZER_NONNULL = YES;
				CLANG_ANALYZER_NUMBER_OBJECT_CONVERSION = YES_AGGRESSIVE;
				CLANG_CXX_LANGUAGE_STANDARD = "gnu++20";
				CLANG_ENABLE_MODULES = YES;
				CLANG_ENABLE_OBJC_ARC = YES;
				CLANG_ENABLE_OBJC_WEAK = YES;
				CLANG_WARN_BLOCK_CAPTURE_AUTORELEASING = YES;
				CLANG_WARN_BOOL_CONVERSION = YES;
				CLANG_WARN_COMMA = YES;
				CLANG_WARN_CONSTANT_CONVERSION = YES;
				CLANG_WARN_DEPRECATED_OBJC_IMPLEMENTATIONS = YES;
				CLANG_WARN_DIRECT_OBJC_ISA_USAGE = YES_ERROR;
				CLANG_WARN_DOCUMENTATION_COMMENTS = YES;
				CLANG_WARN_EMPTY_BODY = YES;
				CLANG_WARN_ENUM_CONVERSION = YES;
				CLANG_WARN_INFINITE_RECURSION = YES;
				CLANG_WARN_INT_CONVERSION = YES;
				CLANG_WARN_NON_LITERAL_NULL_CONVERSION = YES;
				CLANG_WARN_OBJC_IMPLICIT_RETAIN_SELF = YES;
				CLANG_WARN_OBJC_LITERAL_CONVERSION = YES;
				CLANG_WARN_OBJC_ROOT_CLASS = YES_ERROR;
				CLANG_WARN_QUOTED_INCLUDE_IN_FRAMEWORK_HEADER = YES;
				CLANG_WARN_RANGE_LOOP_ANALYSIS = YES;
				CLANG_WARN_STRICT_PROTOTYPES = YES;
				CLANG_WARN_SUSPICIOUS_MOVE = YES;
				CLANG_WARN_UNGUARDED_AVAILABILITY = YES_AGGRESSIVE;
				CLANG_WARN_UNREACHABLE_CODE = YES;
				CLANG_WARN__DUPLICATE_METHOD_MATCH = YES;
				COPY_PHASE_STRIP = NO;
				DEBUG_INFORMATION_FORMAT = dwarf;
				ENABLE_STRICT_OBJC_MSGSEND = YES;
				ENABLE_TESTABILITY = YES;
				ENABLE_USER_SCRIPT_SANDBOXING = YES;
				GCC_C_LANGUAGE_STANDARD = gnu17;
				GCC_DYNAMIC_NO_PIC = NO;
				GCC_NO_COMMON_BLOCKS = YES;
				GCC_OPTIMIZATION_LEVEL = 0;
				GCC_PREPROCESSOR_DEFINITIONS = (
					"DEBUG=1",
					"$(inherited)",
				);
				GCC_WARN_64_TO_32_BIT_CONVERSION = YES;
				GCC_WARN_ABOUT_RETURN_TYPE = YES_ERROR;
				GCC_WARN_UNDECLARED_SELECTOR = YES;
				GCC_WARN_UNINITIALIZED_AUTOS = YES_AGGRESSIVE;
				GCC_WARN_UNUSED_FUNCTION = YES;
				GCC_WARN_UNUSED_VARIABLE = YES;
				IPHONEOS_DEPLOYMENT_TARGET = 17.2;
				LOCALIZATION_PREFERS_STRING_CATALOGS = YES;
				MTL_ENABLE_DEBUG_INFO = INCLUDE_SOURCE;
				MTL_FAST_MATH = YES;
				ONLY_ACTIVE_ARCH = YES;
				SDKROOT = iphoneos;
				SWIFT_ACTIVE_COMPILATION_CONDITIONS = "DEBUG $(inherited)";
				SWIFT_OPTIMIZATION_LEVEL = "-Onone";
			};
			name = Debug;
		};
		9CF003D72B99B0250089B553 /* Release */ = {
			isa = XCBuildConfiguration;
			buildSettings = {
				ALWAYS_SEARCH_USER_PATHS = NO;
				ASSETCATALOG_COMPILER_GENERATE_SWIFT_ASSET_SYMBOL_EXTENSIONS = YES;
				CLANG_ANALYZER_NONNULL = YES;
				CLANG_ANALYZER_NUMBER_OBJECT_CONVERSION = YES_AGGRESSIVE;
				CLANG_CXX_LANGUAGE_STANDARD = "gnu++20";
				CLANG_ENABLE_MODULES = YES;
				CLANG_ENABLE_OBJC_ARC = YES;
				CLANG_ENABLE_OBJC_WEAK = YES;
				CLANG_WARN_BLOCK_CAPTURE_AUTORELEASING = YES;
				CLANG_WARN_BOOL_CONVERSION = YES;
				CLANG_WARN_COMMA = YES;
				CLANG_WARN_CONSTANT_CONVERSION = YES;
				CLANG_WARN_DEPRECATED_OBJC_IMPLEMENTATIONS = YES;
				CLANG_WARN_DIRECT_OBJC_ISA_USAGE = YES_ERROR;
				CLANG_WARN_DOCUMENTATION_COMMENTS = YES;
				CLANG_WARN_EMPTY_BODY = YES;
				CLANG_WARN_ENUM_CONVERSION = YES;
				CLANG_WARN_INFINITE_RECURSION = YES;
				CLANG_WARN_INT_CONVERSION = YES;
				CLANG_WARN_NON_LITERAL_NULL_CONVERSION = YES;
				CLANG_WARN_OBJC_IMPLICIT_RETAIN_SELF = YES;
				CLANG_WARN_OBJC_LITERAL_CONVERSION = YES;
				CLANG_WARN_OBJC_ROOT_CLASS = YES_ERROR;
				CLANG_WARN_QUOTED_INCLUDE_IN_FRAMEWORK_HEADER = YES;
				CLANG_WARN_RANGE_LOOP_ANALYSIS = YES;
				CLANG_WARN_STRICT_PROTOTYPES = YES;
				CLANG_WARN_SUSPICIOUS_MOVE = YES;
				CLANG_WARN_UNGUARDED_AVAILABILITY = YES_AGGRESSIVE;
				CLANG_WARN_UNREACHABLE_CODE = YES;
				CLANG_WARN__DUPLICATE_METHOD_MATCH = YES;
				COPY_PHASE_STRIP = NO;
				DEBUG_INFORMATION_FORMAT = "dwarf-with-dsym";
				ENABLE_NS_ASSERTIONS = NO;
				ENABLE_STRICT_OBJC_MSGSEND = YES;
				ENABLE_USER_SCRIPT_SANDBOXING = YES;
				GCC_C_LANGUAGE_STANDARD = gnu17;
				GCC_NO_COMMON_BLOCKS = YES;
				GCC_WARN_64_TO_32_BIT_CONVERSION = YES;
				GCC_WARN_ABOUT_RETURN_TYPE = YES_ERROR;
				GCC_WARN_UNDECLARED_SELECTOR = YES;
				GCC_WARN_UNINITIALIZED_AUTOS = YES_AGGRESSIVE;
				GCC_WARN_UNUSED_FUNCTION = YES;
				GCC_WARN_UNUSED_VARIABLE = YES;
				IPHONEOS_DEPLOYMENT_TARGET = 17.2;
				LOCALIZATION_PREFERS_STRING_CATALOGS = YES;
				MTL_ENABLE_DEBUG_INFO = NO;
				MTL_FAST_MATH = YES;
				SDKROOT = iphoneos;
				SWIFT_COMPILATION_MODE = wholemodule;
				VALIDATE_PRODUCT = YES;
			};
			name = Release;
		};
		9CF003D92B99B0250089B553 /* Debug */ = {
			isa = XCBuildConfiguration;
			buildSettings = {
				ASSETCATALOG_COMPILER_APPICON_NAME = AppIcon;
				ASSETCATALOG_COMPILER_GLOBAL_ACCENT_COLOR_NAME = AccentColor;
				CODE_SIGN_STYLE = Automatic;
				CURRENT_PROJECT_VERSION = 1;
				DEVELOPMENT_TEAM = 5527LT3H8K;
				GENERATE_INFOPLIST_FILE = YES;
				INFOPLIST_FILE = "TTS-Task/Utils/Info.plist";
				INFOPLIST_KEY_UIApplicationSupportsIndirectInputEvents = YES;
				INFOPLIST_KEY_UILaunchStoryboardName = LaunchScreen;
				INFOPLIST_KEY_UIMainStoryboardFile = Main;
				INFOPLIST_KEY_UISupportedInterfaceOrientations_iPad = "UIInterfaceOrientationPortrait UIInterfaceOrientationPortraitUpsideDown UIInterfaceOrientationLandscapeLeft UIInterfaceOrientationLandscapeRight";
				INFOPLIST_KEY_UISupportedInterfaceOrientations_iPhone = "UIInterfaceOrientationPortrait UIInterfaceOrientationLandscapeLeft UIInterfaceOrientationLandscapeRight";
				LD_RUNPATH_SEARCH_PATHS = (
					"$(inherited)",
					"@executable_path/Frameworks",
				);
				MARKETING_VERSION = 1.0;
				PRODUCT_BUNDLE_IDENTIFIER = "com.texttospeech.TTS-Task";
				PRODUCT_NAME = "$(TARGET_NAME)";
				SWIFT_EMIT_LOC_STRINGS = YES;
				SWIFT_VERSION = 5.0;
				TARGETED_DEVICE_FAMILY = "1,2";
			};
			name = Debug;
		};
		9CF003DA2B99B0250089B553 /* Release */ = {
			isa = XCBuildConfiguration;
			buildSettings = {
				ASSETCATALOG_COMPILER_APPICON_NAME = AppIcon;
				ASSETCATALOG_COMPILER_GLOBAL_ACCENT_COLOR_NAME = AccentColor;
				CODE_SIGN_STYLE = Automatic;
				CURRENT_PROJECT_VERSION = 1;
				DEVELOPMENT_TEAM = 5527LT3H8K;
				GENERATE_INFOPLIST_FILE = YES;
				INFOPLIST_FILE = "TTS-Task/Utils/Info.plist";
				INFOPLIST_KEY_UIApplicationSupportsIndirectInputEvents = YES;
				INFOPLIST_KEY_UILaunchStoryboardName = LaunchScreen;
				INFOPLIST_KEY_UIMainStoryboardFile = Main;
				INFOPLIST_KEY_UISupportedInterfaceOrientations_iPad = "UIInterfaceOrientationPortrait UIInterfaceOrientationPortraitUpsideDown UIInterfaceOrientationLandscapeLeft UIInterfaceOrientationLandscapeRight";
				INFOPLIST_KEY_UISupportedInterfaceOrientations_iPhone = "UIInterfaceOrientationPortrait UIInterfaceOrientationLandscapeLeft UIInterfaceOrientationLandscapeRight";
				LD_RUNPATH_SEARCH_PATHS = (
					"$(inherited)",
					"@executable_path/Frameworks",
				);
				MARKETING_VERSION = 1.0;
				PRODUCT_BUNDLE_IDENTIFIER = "com.texttospeech.TTS-Task";
				PRODUCT_NAME = "$(TARGET_NAME)";
				SWIFT_EMIT_LOC_STRINGS = YES;
				SWIFT_VERSION = 5.0;
				TARGETED_DEVICE_FAMILY = "1,2";
			};
			name = Release;
		};
/* End XCBuildConfiguration section */

/* Begin XCConfigurationList section */
		9CF003BF2B99B0240089B553 /* Build configuration list for PBXProject "TTS-Task" */ = {
			isa = XCConfigurationList;
			buildConfigurations = (
				9CF003D62B99B0250089B553 /* Debug */,
				9CF003D72B99B0250089B553 /* Release */,
			);
			defaultConfigurationIsVisible = 0;
			defaultConfigurationName = Release;
		};
		9CF003D82B99B0250089B553 /* Build configuration list for PBXNativeTarget "TTS-Task" */ = {
			isa = XCConfigurationList;
			buildConfigurations = (
				9CF003D92B99B0250089B553 /* Debug */,
				9CF003DA2B99B0250089B553 /* Release */,
			);
			defaultConfigurationIsVisible = 0;
			defaultConfigurationName = Release;
		};
/* End XCConfigurationList section */
	};
	rootObject = 9CF003BC2B99B0240089B553 /* Project object */;
}
